
Microsoft Visual Studio Solution File, Format Version 12.00
# Visual Studio 2013
VisualStudioVersion = 12.0.30501.0
MinimumVisualStudioVersion = 10.0.40219.1
Project("{FAE04EC0-301F-11D3-BF4B-00C04F79EFBC}") = "GEDemo1", "GEDemo1\GEDemo1.csproj", "{A0D768EE-F4A9-4AF4-9AA6-1FA4EB9F0B82}"
EndProject
Project("{FAE04EC0-301F-11D3-BF4B-00C04F79EFBC}") = "GEDemo2", "GEDemo2\GEDemo2.csproj", "{9F97A194-0D87-4BCE-B8D8-067BF1975B83}"
EndProject
Project("{FAE04EC0-301F-11D3-BF4B-00C04F79EFBC}") = "GEDemo3", "GEDemo3\GEDemo3.csproj", "{9D20FED2-6674-4645-AFC0-49B3F35E9A25}"
EndProject
Project("{FAE04EC0-301F-11D3-BF4B-00C04F79EFBC}") = "GEDemo4", "GEDemo4\GEDemo4.csproj", "{52356277-5AF4-4978-8AAA-015EE94BD17C}"
EndProject
Global
	GlobalSection(SolutionConfigurationPlatforms) = preSolution
		Debug|Any CPU = Debug|Any CPU
		Debug|Mixed Platforms = Debug|Mixed Platforms
		Debug|x86 = Debug|x86
		Release|Any CPU = Release|Any CPU
		Release|Mixed Platforms = Release|Mixed Platforms
		Release|x86 = Release|x86
	EndGlobalSection
	GlobalSection(ProjectConfigurationPlatforms) = postSolution
		{A0D768EE-F4A9-4AF4-9AA6-1FA4EB9F0B82}.Debug|Any CPU.ActiveCfg = Debug|Any CPU
		{A0D768EE-F4A9-4AF4-9AA6-1FA4EB9F0B82}.Debug|Any CPU.Build.0 = Debug|Any CPU
		{A0D768EE-F4A9-4AF4-9AA6-1FA4EB9F0B82}.Debug|Mixed Platforms.ActiveCfg = Debug|x86
		{A0D768EE-F4A9-4AF4-9AA6-1FA4EB9F0B82}.Debug|Mixed Platforms.Build.0 = Debug|x86
		{A0D768EE-F4A9-4AF4-9AA6-1FA4EB9F0B82}.Debug|x86.ActiveCfg = Debug|x86
		{A0D768EE-F4A9-4AF4-9AA6-1FA4EB9F0B82}.Debug|x86.Build.0 = Debug|x86
		{A0D768EE-F4A9-4AF4-9AA6-1FA4EB9F0B82}.Release|Any CPU.ActiveCfg = Release|Any CPU
		{A0D768EE-F4A9-4AF4-9AA6-1FA4EB9F0B82}.Release|Any CPU.Build.0 = Release|Any CPU
		{A0D768EE-F4A9-4AF4-9AA6-1FA4EB9F0B82}.Release|Mixed Platforms.ActiveCfg = Release|x86
		{A0D768EE-F4A9-4AF4-9AA6-1FA4EB9F0B82}.Release|Mixed Platforms.Build.0 = Release|x86
		{A0D768EE-F4A9-4AF4-9AA6-1FA4EB9F0B82}.Release|x86.ActiveCfg = Release|x86
		{A0D768EE-F4A9-4AF4-9AA6-1FA4EB9F0B82}.Release|x86.Build.0 = Release|x86
		{9F97A194-0D87-4BCE-B8D8-067BF1975B83}.Debug|Any CPU.ActiveCfg = Debug|Any CPU
		{9F97A194-0D87-4BCE-B8D8-067BF1975B83}.Debug|Any CPU.Build.0 = Debug|Any CPU
		{9F97A194-0D87-4BCE-B8D8-067BF1975B83}.Debug|Mixed Platforms.ActiveCfg = Debug|Any CPU
		{9F97A194-0D87-4BCE-B8D8-067BF1975B83}.Debug|Mixed Platforms.Build.0 = Debug|Any CPU
		{9F97A194-0D87-4BCE-B8D8-067BF1975B83}.Debug|x86.ActiveCfg = Debug|Any CPU
		{9F97A194-0D87-4BCE-B8D8-067BF1975B83}.Release|Any CPU.ActiveCfg = Release|Any CPU
		{9F97A194-0D87-4BCE-B8D8-067BF1975B83}.Release|Any CPU.Build.0 = Release|Any CPU
		{9F97A194-0D87-4BCE-B8D8-067BF1975B83}.Release|Mixed Platforms.ActiveCfg = Release|Any CPU
		{9F97A194-0D87-4BCE-B8D8-067BF1975B83}.Release|Mixed Platforms.Build.0 = Release|Any CPU
		{9F97A194-0D87-4BCE-B8D8-067BF1975B83}.Release|x86.ActiveCfg = Release|Any CPU
		{9D20FED2-6674-4645-AFC0-49B3F35E9A25}.Debug|Any CPU.ActiveCfg = Debug|Any CPU
		{9D20FED2-6674-4645-AFC0-49B3F35E9A25}.Debug|Any CPU.Build.0 = Debug|Any CPU
		{9D20FED2-6674-4645-AFC0-49B3F35E9A25}.Debug|Mixed Platforms.ActiveCfg = Debug|Any CPU
		{9D20FED2-6674-4645-AFC0-49B3F35E9A25}.Debug|Mixed Platforms.Build.0 = Debug|Any CPU
		{9D20FED2-6674-4645-AFC0-49B3F35E9A25}.Debug|x86.ActiveCfg = Debug|Any CPU
		{9D20FED2-6674-4645-AFC0-49B3F35E9A25}.Release|Any CPU.ActiveCfg = Release|Any CPU
		{9D20FED2-6674-4645-AFC0-49B3F35E9A25}.Release|Any CPU.Build.0 = Release|Any CPU
		{9D20FED2-6674-4645-AFC0-49B3F35E9A25}.Release|Mixed Platforms.ActiveCfg = Release|Any CPU
		{9D20FED2-6674-4645-AFC0-49B3F35E9A25}.Release|Mixed Platforms.Build.0 = Release|Any CPU
		{9D20FED2-6674-4645-AFC0-49B3F35E9A25}.Release|x86.ActiveCfg = Release|Any CPU
		{52356277-5AF4-4978-8AAA-015EE94BD17C}.Debug|Any CPU.ActiveCfg = Debug|Any CPU
		{52356277-5AF4-4978-8AAA-015EE94BD17C}.Debug|Any CPU.Build.0 = Debug|Any CPU
		{52356277-5AF4-4978-8AAA-015EE94BD17C}.Debug|Mixed Platforms.ActiveCfg = Debug|Any CPU
		{52356277-5AF4-4978-8AAA-015EE94BD17C}.Debug|Mixed Platforms.Build.0 = Debug|Any CPU
		{52356277-5AF4-4978-8AAA-015EE94BD17C}.Debug|x86.ActiveCfg = Debug|Any CPU
		{52356277-5AF4-4978-8AAA-015EE94BD17C}.Release|Any CPU.ActiveCfg = Release|Any CPU
		{52356277-5AF4-4978-8AAA-015EE94BD17C}.Release|Any CPU.Build.0 = Release|Any CPU
		{52356277-5AF4-4978-8AAA-015EE94BD17C}.Release|Mixed Platforms.ActiveCfg = Release|Any CPU
		{52356277-5AF4-4978-8AAA-015EE94BD17C}.Release|Mixed Platforms.Build.0 = Release|Any CPU
		{52356277-5AF4-4978-8AAA-015EE94BD17C}.Release|x86.ActiveCfg = Release|Any CPU
	EndGlobalSection
	GlobalSection(SolutionProperties) = preSolution
		HideSolutionNode = FALSE
	EndGlobalSection
EndGlobal
